
Microsoft Visual Studio Solution File, Format Version 12.00
# Visual Studio Version 17
VisualStudioVersion = 17.13.35818.85
MinimumVisualStudioVersion = 10.0.40219.1
Project("{2150E333-8FDC-42A3-9474-1A3956D46DE8}") = "Solution Items", "Solution Items", "{02EA681E-C7D8-13C7-8484-4AC65E1B71E8}"
	ProjectSection(SolutionItems) = preProject
		Directory.Packages.props = Directory.Packages.props
	EndProjectSection
EndProject
Project("{2150E333-8FDC-42A3-9474-1A3956D46DE8}") = "src", "src", "{45A5A915-8563-4F9A-9962-8E721EE9F5D4}"
EndProject
Project("{2150E333-8FDC-42A3-9474-1A3956D46DE8}") = "tests", "tests", "{98CF1F41-505C-4C6A-9318-701E1426B9A7}"
EndProject
Project("{2150E333-8FDC-42A3-9474-1A3956D46DE8}") = "Common", "Common", "{A9D09B35-EEB4-4F69-ADBF-5F85990C46CB}"
EndProject
Project("{FAE04EC0-301F-11D3-BF4B-00C04F79EFBC}") = "SpendSmart.Common.Primitives", "src\Common\SpendSmart.Common.Primitives\SpendSmart.Common.Primitives.csproj", "{FAACE907-0BE5-44BF-8B8F-9348B880473D}"
EndProject
Project("{FAE04EC0-301F-11D3-BF4B-00C04F79EFBC}") = "SpendSmart.Common.Abstractions", "src\Common\SpendSmart.Common.Abstractions\SpendSmart.Common.Abstractions.csproj", "{B1DE4B4F-0CBD-49DC-ACB7-F10C2BEB0460}"
EndProject
Project("{2150E333-8FDC-42A3-9474-1A3956D46DE8}") = "Domain", "Domain", "{85856CB4-6CAD-4BD3-881B-2A2E2F4DDDB7}"
EndProject
Project("{FAE04EC0-301F-11D3-BF4B-00C04F79EFBC}") = "SpendSmart.Domain", "src\Domain\SpendSmart.Domain\SpendSmart.Domain.csproj", "{924EE01F-1A14-4664-A1A6-76720B392EC1}"
EndProject
Project("{2150E333-8FDC-42A3-9474-1A3956D46DE8}") = "Application", "Application", "{9D8D13E9-6893-41BC-A6F5-6C870051743D}"
EndProject
Project("{FAE04EC0-301F-11D3-BF4B-00C04F79EFBC}") = "SpendSmart.Application.Abstractions", "src\Application\SpendSmart.Application.Abstractions\SpendSmart.Application.Abstractions.csproj", "{72955C54-101B-4228-BAA9-A155E534057F}"
EndProject
Project("{FAE04EC0-301F-11D3-BF4B-00C04F79EFBC}") = "SpendSmart.Application.Contracts", "src\Application\SpendSmart.Application.Contracts\SpendSmart.Application.Contracts.csproj", "{AF125757-5D67-47F8-85DF-2F51A9B89851}"
EndProject
Project("{FAE04EC0-301F-11D3-BF4B-00C04F79EFBC}") = "SpendSmart.Application.Commands", "src\Application\SpendSmart.Application.Commands\SpendSmart.Application.Commands.csproj", "{0509B7F7-BD40-4054-BB70-8338E538837E}"
EndProject
Project("{FAE04EC0-301F-11D3-BF4B-00C04F79EFBC}") = "SpendSmart.Application.Commands.Handlers", "src\Application\SpendSmart.Application.Commands.Handlers\SpendSmart.Application.Commands.Handlers.csproj", "{5C2AA696-90D7-4A58-9CCC-77828E1CEC89}"
EndProject
Project("{FAE04EC0-301F-11D3-BF4B-00C04F79EFBC}") = "SpendSmart.Application.Queries", "src\Application\SpendSmart.Application.Queries\SpendSmart.Application.Queries.csproj", "{6798FC04-211B-47E3-99C4-EC499852D287}"
EndProject
Project("{FAE04EC0-301F-11D3-BF4B-00C04F79EFBC}") = "SpendSmart.Application.Queries.Handlers", "src\Application\SpendSmart.Application.Queries.Handlers\SpendSmart.Application.Queries.Handlers.csproj", "{9FAB802C-E238-4E3B-BDE4-8B9F9A983275}"
EndProject
Project("{FAE04EC0-301F-11D3-BF4B-00C04F79EFBC}") = "SpendSmart.Application.Queries.Processors", "src\Application\SpendSmart.Application.Queries.Processors\SpendSmart.Application.Queries.Processors.csproj", "{2BC18F04-6FC5-4609-B994-64A21D6FE8CD}"
EndProject
Project("{FAE04EC0-301F-11D3-BF4B-00C04F79EFBC}") = "SpendSmart.Application.Events.Handlers", "src\Application\SpendSmart.Application.Events.Handlers\SpendSmart.Application.Events.Handlers.csproj", "{71CB2CD5-6FE9-45DA-80E2-5CDA1EE5EEA1}"
EndProject
Project("{2150E333-8FDC-42A3-9474-1A3956D46DE8}") = "BackgroundTasks", "BackgroundTasks", "{BB62767C-095C-4D80-85E0-695FD226AE4E}"
EndProject
Project("{FAE04EC0-301F-11D3-BF4B-00C04F79EFBC}") = "SpendSmart.BackgroundTasks", "src\BackgroundTasks\SpendSmart.BackgroundTasks\SpendSmart.BackgroundTasks.csproj", "{10A4E252-8EE7-4DF1-9D5D-4079BCC6BD3E}"
EndProject
Project("{2150E333-8FDC-42A3-9474-1A3956D46DE8}") = "Persistence", "Persistence", "{ADA13674-711B-4016-B97C-E606A84385FD}"
EndProject
Project("{FAE04EC0-301F-11D3-BF4B-00C04F79EFBC}") = "SpendSmart.Persistence", "src\Persistence\SpendSmart.Persistence\SpendSmart.Persistence.csproj", "{271AAB86-6219-4576-B7E4-5BF06FB390C0}"
EndProject
Project("{2150E333-8FDC-42A3-9474-1A3956D46DE8}") = "Infrastructure", "Infrastructure", "{5F35BB3C-5C2D-4D95-8CDE-71DE9A21CD6A}"
EndProject
Project("{FAE04EC0-301F-11D3-BF4B-00C04F79EFBC}") = "SpendSmart.Authorization", "src\Infrastructure\SpendSmart.Authorization\SpendSmart.Authorization.csproj", "{6BAFB864-1AC1-44BD-B111-76F53995A5F6}"
EndProject
Project("{FAE04EC0-301F-11D3-BF4B-00C04F79EFBC}") = "SpendSmart.Infrastructure", "src\Infrastructure\SpendSmart.Infrastructure\SpendSmart.Infrastructure.csproj", "{A7E4D14B-9F5E-4944-8C2B-AB6F109F5164}"
EndProject
Project("{FAE04EC0-301F-11D3-BF4B-00C04F79EFBC}") = "SpendSmart.Notification", "src\Infrastructure\SpendSmart.Notification\SpendSmart.Notification.csproj", "{F4520507-3D20-42EE-A44B-85D91DCC4BE6}"
EndProject
Project("{2150E333-8FDC-42A3-9474-1A3956D46DE8}") = "Presentation", "Presentation", "{8CE008B8-7070-4A16-A3AE-F81B87939A44}"
EndProject
Project("{FAE04EC0-301F-11D3-BF4B-00C04F79EFBC}") = "SpendSmart.Presentation.Api", "src\Presentation\SpendSmart.Presentation.Api\SpendSmart.Presentation.Api.csproj", "{0AB8B78B-05C8-42B0-967A-4CDBC2D83063}"
EndProject
Project("{2150E333-8FDC-42A3-9474-1A3956D46DE8}") = "Domain", "Domain", "{6EA4E7C9-BB0D-4898-81EE-668A00B556F0}"
EndProject
Project("{FAE04EC0-301F-11D3-BF4B-00C04F79EFBC}") = "SpendSmart.Domain.UnitTests", "tests\Domain\SpendSmart.Domain.UnitTests\SpendSmart.Domain.UnitTests.csproj", "{038A0FED-47CA-4E95-B5A6-28E5DF7CEE24}"
EndProject
Global
	GlobalSection(SolutionConfigurationPlatforms) = preSolution
		Debug|Any CPU = Debug|Any CPU
		Release|Any CPU = Release|Any CPU
	EndGlobalSection
	GlobalSection(ProjectConfigurationPlatforms) = postSolution
		{FAACE907-0BE5-44BF-8B8F-9348B880473D}.Debug|Any CPU.ActiveCfg = Debug|Any CPU
		{FAACE907-0BE5-44BF-8B8F-9348B880473D}.Debug|Any CPU.Build.0 = Debug|Any CPU
		{FAACE907-0BE5-44BF-8B8F-9348B880473D}.Release|Any CPU.ActiveCfg = Release|Any CPU
		{FAACE907-0BE5-44BF-8B8F-9348B880473D}.Release|Any CPU.Build.0 = Release|Any CPU
		{B1DE4B4F-0CBD-49DC-ACB7-F10C2BEB0460}.Debug|Any CPU.ActiveCfg = Debug|Any CPU
		{B1DE4B4F-0CBD-49DC-ACB7-F10C2BEB0460}.Debug|Any CPU.Build.0 = Debug|Any CPU
		{B1DE4B4F-0CBD-49DC-ACB7-F10C2BEB0460}.Release|Any CPU.ActiveCfg = Release|Any CPU
		{B1DE4B4F-0CBD-49DC-ACB7-F10C2BEB0460}.Release|Any CPU.Build.0 = Release|Any CPU
		{924EE01F-1A14-4664-A1A6-76720B392EC1}.Debug|Any CPU.ActiveCfg = Debug|Any CPU
		{924EE01F-1A14-4664-A1A6-76720B392EC1}.Debug|Any CPU.Build.0 = Debug|Any CPU
		{924EE01F-1A14-4664-A1A6-76720B392EC1}.Release|Any CPU.ActiveCfg = Release|Any CPU
		{924EE01F-1A14-4664-A1A6-76720B392EC1}.Release|Any CPU.Build.0 = Release|Any CPU
		{72955C54-101B-4228-BAA9-A155E534057F}.Debug|Any CPU.ActiveCfg = Debug|Any CPU
		{72955C54-101B-4228-BAA9-A155E534057F}.Debug|Any CPU.Build.0 = Debug|Any CPU
		{72955C54-101B-4228-BAA9-A155E534057F}.Release|Any CPU.ActiveCfg = Release|Any CPU
		{72955C54-101B-4228-BAA9-A155E534057F}.Release|Any CPU.Build.0 = Release|Any CPU
		{AF125757-5D67-47F8-85DF-2F51A9B89851}.Debug|Any CPU.ActiveCfg = Debug|Any CPU
		{AF125757-5D67-47F8-85DF-2F51A9B89851}.Debug|Any CPU.Build.0 = Debug|Any CPU
		{AF125757-5D67-47F8-85DF-2F51A9B89851}.Release|Any CPU.ActiveCfg = Release|Any CPU
		{AF125757-5D67-47F8-85DF-2F51A9B89851}.Release|Any CPU.Build.0 = Release|Any CPU
		{0509B7F7-BD40-4054-BB70-8338E538837E}.Debug|Any CPU.ActiveCfg = Debug|Any CPU
		{0509B7F7-BD40-4054-BB70-8338E538837E}.Debug|Any CPU.Build.0 = Debug|Any CPU
		{0509B7F7-BD40-4054-BB70-8338E538837E}.Release|Any CPU.ActiveCfg = Release|Any CPU
		{0509B7F7-BD40-4054-BB70-8338E538837E}.Release|Any CPU.Build.0 = Release|Any CPU
		{5C2AA696-90D7-4A58-9CCC-77828E1CEC89}.Debug|Any CPU.ActiveCfg = Debug|Any CPU
		{5C2AA696-90D7-4A58-9CCC-77828E1CEC89}.Debug|Any CPU.Build.0 = Debug|Any CPU
		{5C2AA696-90D7-4A58-9CCC-77828E1CEC89}.Release|Any CPU.ActiveCfg = Release|Any CPU
		{5C2AA696-90D7-4A58-9CCC-77828E1CEC89}.Release|Any CPU.Build.0 = Release|Any CPU
		{6798FC04-211B-47E3-99C4-EC499852D287}.Debug|Any CPU.ActiveCfg = Debug|Any CPU
		{6798FC04-211B-47E3-99C4-EC499852D287}.Debug|Any CPU.Build.0 = Debug|Any CPU
		{6798FC04-211B-47E3-99C4-EC499852D287}.Release|Any CPU.ActiveCfg = Release|Any CPU
		{6798FC04-211B-47E3-99C4-EC499852D287}.Release|Any CPU.Build.0 = Release|Any CPU
		{9FAB802C-E238-4E3B-BDE4-8B9F9A983275}.Debug|Any CPU.ActiveCfg = Debug|Any CPU
		{9FAB802C-E238-4E3B-BDE4-8B9F9A983275}.Debug|Any CPU.Build.0 = Debug|Any CPU
		{9FAB802C-E238-4E3B-BDE4-8B9F9A983275}.Release|Any CPU.ActiveCfg = Release|Any CPU
		{9FAB802C-E238-4E3B-BDE4-8B9F9A983275}.Release|Any CPU.Build.0 = Release|Any CPU
		{2BC18F04-6FC5-4609-B994-64A21D6FE8CD}.Debug|Any CPU.ActiveCfg = Debug|Any CPU
		{2BC18F04-6FC5-4609-B994-64A21D6FE8CD}.Debug|Any CPU.Build.0 = Debug|Any CPU
		{2BC18F04-6FC5-4609-B994-64A21D6FE8CD}.Release|Any CPU.ActiveCfg = Release|Any CPU
		{2BC18F04-6FC5-4609-B994-64A21D6FE8CD}.Release|Any CPU.Build.0 = Release|Any CPU
		{71CB2CD5-6FE9-45DA-80E2-5CDA1EE5EEA1}.Debug|Any CPU.ActiveCfg = Debug|Any CPU
		{71CB2CD5-6FE9-45DA-80E2-5CDA1EE5EEA1}.Debug|Any CPU.Build.0 = Debug|Any CPU
		{71CB2CD5-6FE9-45DA-80E2-5CDA1EE5EEA1}.Release|Any CPU.ActiveCfg = Release|Any CPU
		{71CB2CD5-6FE9-45DA-80E2-5CDA1EE5EEA1}.Release|Any CPU.Build.0 = Release|Any CPU
		{10A4E252-8EE7-4DF1-9D5D-4079BCC6BD3E}.Debug|Any CPU.ActiveCfg = Debug|Any CPU
		{10A4E252-8EE7-4DF1-9D5D-4079BCC6BD3E}.Debug|Any CPU.Build.0 = Debug|Any CPU
		{10A4E252-8EE7-4DF1-9D5D-4079BCC6BD3E}.Release|Any CPU.ActiveCfg = Release|Any CPU
		{10A4E252-8EE7-4DF1-9D5D-4079BCC6BD3E}.Release|Any CPU.Build.0 = Release|Any CPU
		{271AAB86-6219-4576-B7E4-5BF06FB390C0}.Debug|Any CPU.ActiveCfg = Debug|Any CPU
		{271AAB86-6219-4576-B7E4-5BF06FB390C0}.Debug|Any CPU.Build.0 = Debug|Any CPU
		{271AAB86-6219-4576-B7E4-5BF06FB390C0}.Release|Any CPU.ActiveCfg = Release|Any CPU
		{271AAB86-6219-4576-B7E4-5BF06FB390C0}.Release|Any CPU.Build.0 = Release|Any CPU
		{6BAFB864-1AC1-44BD-B111-76F53995A5F6}.Debug|Any CPU.ActiveCfg = Debug|Any CPU
		{6BAFB864-1AC1-44BD-B111-76F53995A5F6}.Debug|Any CPU.Build.0 = Debug|Any CPU
		{6BAFB864-1AC1-44BD-B111-76F53995A5F6}.Release|Any CPU.ActiveCfg = Release|Any CPU
		{6BAFB864-1AC1-44BD-B111-76F53995A5F6}.Release|Any CPU.Build.0 = Release|Any CPU
		{A7E4D14B-9F5E-4944-8C2B-AB6F109F5164}.Debug|Any CPU.ActiveCfg = Debug|Any CPU
		{A7E4D14B-9F5E-4944-8C2B-AB6F109F5164}.Debug|Any CPU.Build.0 = Debug|Any CPU
		{A7E4D14B-9F5E-4944-8C2B-AB6F109F5164}.Release|Any CPU.ActiveCfg = Release|Any CPU
		{A7E4D14B-9F5E-4944-8C2B-AB6F109F5164}.Release|Any CPU.Build.0 = Release|Any CPU
		{F4520507-3D20-42EE-A44B-85D91DCC4BE6}.Debug|Any CPU.ActiveCfg = Debug|Any CPU
		{F4520507-3D20-42EE-A44B-85D91DCC4BE6}.Debug|Any CPU.Build.0 = Debug|Any CPU
		{F4520507-3D20-42EE-A44B-85D91DCC4BE6}.Release|Any CPU.ActiveCfg = Release|Any CPU
		{F4520507-3D20-42EE-A44B-85D91DCC4BE6}.Release|Any CPU.Build.0 = Release|Any CPU
		{0AB8B78B-05C8-42B0-967A-4CDBC2D83063}.Debug|Any CPU.ActiveCfg = Debug|Any CPU
		{0AB8B78B-05C8-42B0-967A-4CDBC2D83063}.Debug|Any CPU.Build.0 = Debug|Any CPU
		{0AB8B78B-05C8-42B0-967A-4CDBC2D83063}.Release|Any CPU.ActiveCfg = Release|Any CPU
		{0AB8B78B-05C8-42B0-967A-4CDBC2D83063}.Release|Any CPU.Build.0 = Release|Any CPU
		{038A0FED-47CA-4E95-B5A6-28E5DF7CEE24}.Debug|Any CPU.ActiveCfg = Debug|Any CPU
		{038A0FED-47CA-4E95-B5A6-28E5DF7CEE24}.Debug|Any CPU.Build.0 = Debug|Any CPU
		{038A0FED-47CA-4E95-B5A6-28E5DF7CEE24}.Release|Any CPU.ActiveCfg = Release|Any CPU
		{038A0FED-47CA-4E95-B5A6-28E5DF7CEE24}.Release|Any CPU.Build.0 = Release|Any CPU
	EndGlobalSection
	GlobalSection(SolutionProperties) = preSolution
		HideSolutionNode = FALSE
	EndGlobalSection
	GlobalSection(NestedProjects) = preSolution
		{A9D09B35-EEB4-4F69-ADBF-5F85990C46CB} = {45A5A915-8563-4F9A-9962-8E721EE9F5D4}
		{FAACE907-0BE5-44BF-8B8F-9348B880473D} = {A9D09B35-EEB4-4F69-ADBF-5F85990C46CB}
		{B1DE4B4F-0CBD-49DC-ACB7-F10C2BEB0460} = {A9D09B35-EEB4-4F69-ADBF-5F85990C46CB}
		{85856CB4-6CAD-4BD3-881B-2A2E2F4DDDB7} = {45A5A915-8563-4F9A-9962-8E721EE9F5D4}
		{924EE01F-1A14-4664-A1A6-76720B392EC1} = {85856CB4-6CAD-4BD3-881B-2A2E2F4DDDB7}
		{9D8D13E9-6893-41BC-A6F5-6C870051743D} = {45A5A915-8563-4F9A-9962-8E721EE9F5D4}
		{72955C54-101B-4228-BAA9-A155E534057F} = {9D8D13E9-6893-41BC-A6F5-6C870051743D}
		{AF125757-5D67-47F8-85DF-2F51A9B89851} = {9D8D13E9-6893-41BC-A6F5-6C870051743D}
		{0509B7F7-BD40-4054-BB70-8338E538837E} = {9D8D13E9-6893-41BC-A6F5-6C870051743D}
		{5C2AA696-90D7-4A58-9CCC-77828E1CEC89} = {9D8D13E9-6893-41BC-A6F5-6C870051743D}
		{6798FC04-211B-47E3-99C4-EC499852D287} = {9D8D13E9-6893-41BC-A6F5-6C870051743D}
		{9FAB802C-E238-4E3B-BDE4-8B9F9A983275} = {9D8D13E9-6893-41BC-A6F5-6C870051743D}
		{2BC18F04-6FC5-4609-B994-64A21D6FE8CD} = {9D8D13E9-6893-41BC-A6F5-6C870051743D}
		{71CB2CD5-6FE9-45DA-80E2-5CDA1EE5EEA1} = {9D8D13E9-6893-41BC-A6F5-6C870051743D}
		{BB62767C-095C-4D80-85E0-695FD226AE4E} = {45A5A915-8563-4F9A-9962-8E721EE9F5D4}
		{10A4E252-8EE7-4DF1-9D5D-4079BCC6BD3E} = {BB62767C-095C-4D80-85E0-695FD226AE4E}
		{ADA13674-711B-4016-B97C-E606A84385FD} = {45A5A915-8563-4F9A-9962-8E721EE9F5D4}
		{271AAB86-6219-4576-B7E4-5BF06FB390C0} = {ADA13674-711B-4016-B97C-E606A84385FD}
		{5F35BB3C-5C2D-4D95-8CDE-71DE9A21CD6A} = {45A5A915-8563-4F9A-9962-8E721EE9F5D4}
		{6BAFB864-1AC1-44BD-B111-76F53995A5F6} = {5F35BB3C-5C2D-4D95-8CDE-71DE9A21CD6A}
		{A7E4D14B-9F5E-4944-8C2B-AB6F109F5164} = {5F35BB3C-5C2D-4D95-8CDE-71DE9A21CD6A}
		{F4520507-3D20-42EE-A44B-85D91DCC4BE6} = {5F35BB3C-5C2D-4D95-8CDE-71DE9A21CD6A}
		{8CE008B8-7070-4A16-A3AE-F81B87939A44} = {45A5A915-8563-4F9A-9962-8E721EE9F5D4}
		{0AB8B78B-05C8-42B0-967A-4CDBC2D83063} = {8CE008B8-7070-4A16-A3AE-F81B87939A44}
		{6EA4E7C9-BB0D-4898-81EE-668A00B556F0} = {98CF1F41-505C-4C6A-9318-701E1426B9A7}
		{038A0FED-47CA-4E95-B5A6-28E5DF7CEE24} = {6EA4E7C9-BB0D-4898-81EE-668A00B556F0}
	EndGlobalSection
	GlobalSection(ExtensibilityGlobals) = postSolution
		SolutionGuid = {B96FAF54-42E6-4D68-83FD-7BA3E84BE140}
	EndGlobalSection
EndGlobal
